<?xml version="1.0" encoding="utf-8"?>
<Project ToolsVersion="4.0" xmlns="http://schemas.microsoft.com/developer/msbuild/2003">
  <ItemGroup>
    <Filter Include="Source Files">
      <UniqueIdentifier>{4FC737F1-C7A5-4376-A066-2A32D752A2FF}</UniqueIdentifier>
      <Extensions>cpp;c;cc;cxx;c++;cppm;ixx;def;odl;idl;hpj;bat;asm;asmx</Extensions>
    </Filter>
    <Filter Include="Header Files">
      <UniqueIdentifier>{93995380-89BD-4b04-88EB-625FBE52EBFB}</UniqueIdentifier>
      <Extensions>h;hh;hpp;hxx;h++;hm;inl;inc;ipp;xsd</Extensions>
    </Filter>
    <Filter Include="Resource Files">
      <UniqueIdentifier>{67DA6AB6-F800-4c08-8B7A-83BB121AAD01}</UniqueIdentifier>
      <Extensions>rc;ico;cur;bmp;dlg;rc2;rct;bin;rgs;gif;jpg;jpeg;jpe;resx;tiff;tif;png;wav;mfcribbon-ms</Extensions>
    </Filter>
  </ItemGroup>
  <ItemGroup>
    <ClInclude Include="DefinitionParser.h">
      <Filter>Header Files</Filter>
    </ClInclude>
    <ClInclude Include="parser.h">
      <Filter>Header Files</Filter>
    </ClInclude>
    <ClInclude Include="Header1\Header.h">
      <Filter>Header Files</Filter>
    </ClInclude>
    <ClInclude Include="framework.h">
      <Filter>Header Files</Filter>
    </ClInclude>
    <ClInclude Include="Header2\Header.h">
      <Filter>Header Files</Filter>
    </ClInclude>
    <ClInclude Include="utils\debug\logger.h">
      <Filter>Header Files</Filter>
    </ClInclude>
    <ClInclude Include="utils\event\action.h">
      <Filter>Header Files</Filter>
    </ClInclude>
    <ClInclude Include="utils\event\enums.h">
      <Filter>Header Files</Filter>
    </ClInclude>
    <ClInclude Include="utils\event\message.h">
      <Filter>Header Files</Filter>
    </ClInclude>
    <ClInclude Include="utils\html\html.h">
      <Filter>Header Files</Filter>
    </ClInclude>
    <ClInclude Include="utils\math\include.h">
      <Filter>Header Files</Filter>
    </ClInclude>
    <ClInclude Include="utils\math\matrix.hpp">
      <Filter>Header Files</Filter>
    </ClInclude>
    <ClInclude Include="utils\math\vector.hpp">
      <Filter>Header Files</Filter>
    </ClInclude>
    <ClInclude Include="utils\process\linked.h">
      <Filter>Header Files</Filter>
    </ClInclude>
    <ClInclude Include="utils\range\include.h">
      <Filter>Header Files</Filter>
    </ClInclude>
    <ClInclude Include="utils\string\include.h">
      <Filter>Header Files</Filter>
    </ClInclude>
    <ClInclude Include="utils\args.h">
      <Filter>Header Files</Filter>
    </ClInclude>
    <ClInclude Include="Header2\Map.h">
      <Filter>Header Files</Filter>
    </ClInclude>
    <ClInclude Include="Header2\Model.h">
      <Filter>Header Files</Filter>
    </ClInclude>
    <ClInclude Include="..\..\..\..\..\Desktop\Code\Libraries\source\stb\stb_image.h">
      <Filter>Header Files</Filter>
    </ClInclude>
    <ClInclude Include="Header2\scripting.h">
      <Filter>Header Files</Filter>
    </ClInclude>
    <ClInclude Include="Header2\SpatialLookup.h">
      <Filter>Header Files</Filter>
    </ClInclude>
    <ClInclude Include="Header2\terrain.h">
      <Filter>Header Files</Filter>
    </ClInclude>
    <ClInclude Include="Header2\components.h">
      <Filter>Header Files</Filter>
    </ClInclude>
    <ClInclude Include="Header2\raytrace.h">
      <Filter>Header Files</Filter>
    </ClInclude>
    <ClInclude Include="Header2\input.h">
      <Filter>Header Files</Filter>
    </ClInclude>
  </ItemGroup>
  <ItemGroup>
    <ClCompile Include="DefinitionParser.cpp">
      <Filter>Source Files</Filter>
    </ClCompile>
    <ClCompile Include="Source.cpp">
      <Filter>Source Files</Filter>
    </ClCompile>
    <ClCompile Include="utils\debug\logger.cpp">
      <Filter>Source Files</Filter>
    </ClCompile>
    <ClCompile Include="utils\event\message.cpp">
      <Filter>Source Files</Filter>
    </ClCompile>
    <ClCompile Include="utils\html\html.cpp">
      <Filter>Source Files</Filter>
    </ClCompile>
    <ClCompile Include="Header2\Header.cpp">
      <Filter>Source Files</Filter>
    </ClCompile>
    <ClCompile Include="Header2\STB.cpp">
      <Filter>Source Files</Filter>
    </ClCompile>
    <ClCompile Include="Header3\Source1.cpp">
      <Filter>Source Files</Filter>
    </ClCompile>
    <ClCompile Include="Header2\scripting.cpp">
      <Filter>Source Files</Filter>
    </ClCompile>
    <ClCompile Include="Header2\Model.cpp">
      <Filter>Source Files</Filter>
    </ClCompile>
  </ItemGroup>
  <ItemGroup>
    <None Include="Resources\Shaders\lighting.frag" />
    <None Include="Resources\Shaders\lighting.vert" />
    <None Include="Resources\Shaders\geometry.vert" />
    <None Include="Resources\Shaders\geometry.frag" />
    <None Include="Resources\Shaders\depth.vert" />
    <None Include="Resources\Shaders\depth.frag" />
    <None Include="Resources\Shaders\bloom.vert" />
    <None Include="Resources\Shaders\bloom.frag" />
    <None Include="Resources\Shaders\compose.vert" />
    <None Include="Resources\Shaders\compose.frag" />
    <None Include="Resources\Shaders\upsample.vert" />
    <None Include="Resources\Shaders\upsample.frag" />
    <None Include="Resources\Shaders\sky.vert" />
    <None Include="Resources\Shaders\sky.frag" />
    <None Include="Resources\Shaders\rt_grid.vert" />
    <None Include="Resources\Shaders\rt_grid.frag" />
  </ItemGroup>
  <ItemGroup>
    <Text Include="my_script.txt" />
    <Text Include="my_script_2.txt" />
  </ItemGroup>
</Project>